
Microsoft Visual Studio Solution File, Format Version 12.00
# Visual Studio Version 16
VisualStudioVersion = 16.0.32002.261
MinimumVisualStudioVersion = 10.0.40219.1
Project("{FAE04EC0-301F-11D3-BF4B-00C04F79EFBC}") = "WebApi", "WebApi\WebApi.csproj", "{FF55930C-D043-4C11-94D8-AA04FA744A1D}"
EndProject
Global
	GlobalSection(SolutionConfigurationPlatforms) = preSolution
		Debug|Any CPU = Debug|Any CPU
		Release|Any CPU = Release|Any CPU
	EndGlobalSection
	GlobalSection(ProjectConfigurationPlatforms) = postSolution
		{FF55930C-D043-4C11-94D8-AA04FA744A1D}.Debug|Any CPU.ActiveCfg = Debug|Any CPU
		{FF55930C-D043-4C11-94D8-AA04FA744A1D}.Debug|Any CPU.Build.0 = Debug|Any CPU
		{FF55930C-D043-4C11-94D8-AA04FA744A1D}.Release|Any CPU.ActiveCfg = Release|Any CPU
		{FF55930C-D043-4C11-94D8-AA04FA744A1D}.Release|Any CPU.Build.0 = Release|Any CPU
	EndGlobalSection
	GlobalSection(SolutionProperties) = preSolution
		HideSolutionNode = FALSE
	EndGlobalSection
	GlobalSection(ExtensibilityGlobals) = postSolution
		SolutionGuid = {E4ED23DF-863E-4B20-A51F-A5D4F3EFD262}
	EndGlobalSection
EndGlobal
